// !$*UTF8*$!
{
	archiveVersion = 1;
	classes = {
	};
	objectVersion = 77;
	objects = {

/* Begin PBXBuildFile section */
		560300622FF4BC8400AE8975 /* Supabase in Frameworks */ = {isa = PBXBuildFile; productRef = 560300612FF4BC8400AE8975 /* Supabase */; };
		568A7890303435E10004ACDA /* StreamChat in Frameworks */ = {isa = PBXBuildFile; productRef = 568A788F303435E10004ACDA /* StreamChat */; };
/* End PBXBuildFile section */

/* Begin PBXContainerItemProxy section */
		5603006B2FF4C30900AE8975 /* PBXContainerItemProxy */ = {
			isa = PBXContainerItemProxy;
			containerPortal = 56BFEAE32FE0DB80007E68EA /* Project object */;
			proxyType = 1;
			remoteGlobalIDString = 56BFEAEA2FE0DB80007E68EA;
			remoteInfo = CreatorInc;
		};
		56D38AD730446D0F00008614 /* PBXContainerItemProxy */ = {
			isa = PBXContainerItemProxy;
			containerPortal = 56BFEAE32FE0DB80007E68EA /* Project object */;
			proxyType = 1;
			remoteGlobalIDString = 56BFEAEA2FE0DB80007E68EA;
			remoteInfo = CreatorInc;
		};
/* End PBXContainerItemProxy section */

/* Begin PBXFileReference section */
		560300672FF4C30900AE8975 /* CreatorIncTests.xctest */ = {isa = PBXFileReference; explicitFileType = wrapper.cfbundle; includeInIndex = 0; path = CreatorIncTests.xctest; sourceTree = BUILT_PRODUCTS_DIR; };
		56BFEAEB2FE0DB80007E68EA /* CreatorInc.app */ = {isa = PBXFileReference; explicitFileType = wrapper.application; includeInIndex = 0; path = CreatorInc.app; sourceTree = BUILT_PRODUCTS_DIR; };
		56D38AD330446D0F00008614 /* CreatorIncIntegrationTests.xctest */ = {isa = PBXFileReference; explicitFileType = wrapper.cfbundle; includeInIndex = 0; path = CreatorIncIntegrationTests.xctest; sourceTree = BUILT_PRODUCTS_DIR; };
/* End PBXFileReference section */

/* Begin PBXFileSystemSynchronizedBuildFileExceptionSet section */
		5603005F2FF2FD7900AE8975 /* Exceptions for "CreatorInc" folder in "CreatorInc" target */ = {
			isa = PBXFileSystemSynchronizedBuildFileExceptionSet;
			membershipExceptions = (
				Info.plist,
			);
			target = 56BFEAEA2FE0DB80007E68EA /* CreatorInc */;
		};
		56D38AE63044994A00008614 /* Exceptions for "CreatorIncIntegrationTests" folder in "CreatorIncIntegrationTests" target */ = {
			isa = PBXFileSystemSynchronizedBuildFileExceptionSet;
			membershipExceptions = (
				Info.plist,
			);
			target = 56D38AD230446D0F00008614 /* CreatorIncIntegrationTests */;
		};
/* End PBXFileSystemSynchronizedBuildFileExceptionSet section */

/* Begin PBXFileSystemSynchronizedRootGroup section */
		560300682FF4C30900AE8975 /* CreatorIncTests */ = {
			isa = PBXFileSystemSynchronizedRootGroup;
			path = CreatorIncTests;
			sourceTree = "<group>";
		};
		56BFEAED2FE0DB80007E68EA /* CreatorInc */ = {
			isa = PBXFileSystemSynchronizedRootGroup;
			exceptions = (
				5603005F2FF2FD7900AE8975 /* Exceptions for "CreatorInc" folder in "CreatorInc" target */,
			);
			path = CreatorInc;
			sourceTree = "<group>";
		};
		56D38AD430446D0F00008614 /* CreatorIncIntegrationTests */ = {
			isa = PBXFileSystemSynchronizedRootGroup;
			exceptions = (
				56D38AE63044994A00008614 /* Exceptions for "CreatorIncIntegrationTests" folder in "CreatorIncIntegrationTests" target */,
			);
			path = CreatorIncIntegrationTests;
			sourceTree = "<group>";
		};
/* End PBXFileSystemSynchronizedRootGroup section */

/* Begin PBXFrameworksBuildPhase section */
		560300642FF4C30900AE8975 /* Frameworks */ = {
			isa = PBXFrameworksBuildPhase;
			buildActionMask = 2147483647;
			files = (
			);
			runOnlyForDeploymentPostprocessing = 0;
		};
		56BFEAE82FE0DB80007E68EA /* Frameworks */ = {
			isa = PBXFrameworksBuildPhase;
			buildActionMask = 2147483647;
			files = (
				568A7890303435E10004ACDA /* StreamChat in Frameworks */,
				560300622FF4BC8400AE8975 /* Supabase in Frameworks */,
			);
			runOnlyForDeploymentPostprocessing = 0;
		};
		56D38AD030446D0F00008614 /* Frameworks */ = {
			isa = PBXFrameworksBuildPhase;
			buildActionMask = 2147483647;
			files = (
			);
			runOnlyForDeploymentPostprocessing = 0;
		};
/* End PBXFrameworksBuildPhase section */

/* Begin PBXGroup section */
		560300602FF4BC8400AE8975 /* Frameworks */ = {
			isa = PBXGroup;
			children = (
			);
			name = Frameworks;
			sourceTree = "<group>";
		};
		56BFEAE22FE0DB80007E68EA = {
			isa = PBXGroup;
			children = (
				56BFEAED2FE0DB80007E68EA /* CreatorInc */,
				560300682FF4C30900AE8975 /* CreatorIncTests */,
				56D38AD430446D0F00008614 /* CreatorIncIntegrationTests */,
				560300602FF4BC8400AE8975 /* Frameworks */,
				56BFEAEC2FE0DB80007E68EA /* Products */,
			);
			sourceTree = "<group>";
		};
		56BFEAEC2FE0DB80007E68EA /* Products */ = {
			isa = PBXGroup;
			children = (
				56BFEAEB2FE0DB80007E68EA /* CreatorInc.app */,
				560300672FF4C30900AE8975 /* CreatorIncTests.xctest */,
				56D38AD330446D0F00008614 /* CreatorIncIntegrationTests.xctest */,
			);
			name = Products;
			sourceTree = "<group>";
		};
/* End PBXGroup section */

/* Begin PBXNativeTarget section */
		560300662FF4C30900AE8975 /* CreatorIncTests */ = {
			isa = PBXNativeTarget;
			buildConfigurationList = 5603006D2FF4C30900AE8975 /* Build configuration list for PBXNativeTarget "CreatorIncTests" */;
			buildPhases = (
				560300632FF4C30900AE8975 /* Sources */,
				560300642FF4C30900AE8975 /* Frameworks */,
				560300652FF4C30900AE8975 /* Resources */,
			);
			buildRules = (
			);
			dependencies = (
				5603006C2FF4C30900AE8975 /* PBXTargetDependency */,
			);
			fileSystemSynchronizedGroups = (
				560300682FF4C30900AE8975 /* CreatorIncTests */,
			);
			name = CreatorIncTests;
			packageProductDependencies = (
			);
			productName = CreatorIncTests;
			productReference = 560300672FF4C30900AE8975 /* CreatorIncTests.xctest */;
			productType = "com.apple.product-type.bundle.unit-test";
		};
		56BFEAEA2FE0DB80007E68EA /* CreatorInc */ = {
			isa = PBXNativeTarget;
			buildConfigurationList = 56BFEAF62FE0DB81007E68EA /* Build configuration list for PBXNativeTarget "CreatorInc" */;
			buildPhases = (
				56BFEAE72FE0DB80007E68EA /* Sources */,
				56BFEAE82FE0DB80007E68EA /* Frameworks */,
				56BFEAE92FE0DB80007E68EA /* Resources */,
			);
			buildRules = (
			);
			dependencies = (
			);
			fileSystemSynchronizedGroups = (
				56BFEAED2FE0DB80007E68EA /* CreatorInc */,
			);
			name = CreatorInc;
			packageProductDependencies = (
				560300612FF4BC8400AE8975 /* Supabase */,
				568A788F303435E10004ACDA /* StreamChat */,
			);
			productName = CreatorInc;
			productReference = 56BFEAEB2FE0DB80007E68EA /* CreatorInc.app */;
			productType = "com.apple.product-type.application";
		};
		56D38AD230446D0F00008614 /* CreatorIncIntegrationTests */ = {
			isa = PBXNativeTarget;
			buildConfigurationList = 56D38ADB30446D0F00008614 /* Build configuration list for PBXNativeTarget "CreatorIncIntegrationTests" */;
			buildPhases = (
				56D38ACF30446D0F00008614 /* Sources */,
				56D38AD030446D0F00008614 /* Frameworks */,
				56D38AD130446D0F00008614 /* Resources */,
			);
			buildRules = (
			);
			dependencies = (
				56D38AD830446D0F00008614 /* PBXTargetDependency */,
			);
			fileSystemSynchronizedGroups = (
				56D38AD430446D0F00008614 /* CreatorIncIntegrationTests */,
			);
			name = CreatorIncIntegrationTests;
			packageProductDependencies = (
			);
			productName = CreatorIncIntegrationTests;
			productReference = 56D38AD330446D0F00008614 /* CreatorIncIntegrationTests.xctest */;
			productType = "com.apple.product-type.bundle.unit-test";
		};
/* End PBXNativeTarget section */

/* Begin PBXProject section */
		56BFEAE32FE0DB80007E68EA /* Project object */ = {
			isa = PBXProject;
			attributes = {
				BuildIndependentTargetsInParallel = 1;
				LastSwiftUpdateCheck = 2620;
				LastUpgradeCheck = 2620;
				TargetAttributes = {
					560300662FF4C30900AE8975 = {
						CreatedOnToolsVersion = 26.2;
						TestTargetID = 56BFEAEA2FE0DB80007E68EA;
					};
					56BFEAEA2FE0DB80007E68EA = {
						CreatedOnToolsVersion = 26.2;
					};
					56D38AD230446D0F00008614 = {
						CreatedOnToolsVersion = 26.2;
						TestTargetID = 56BFEAEA2FE0DB80007E68EA;
					};
				};
			};
			buildConfigurationList = 56BFEAE62FE0DB80007E68EA /* Build configuration list for PBXProject "CreatorInc" */;
			developmentRegion = en;
			hasScannedForEncodings = 0;
			knownRegions = (
				en,
				Base,
			);
			mainGroup = 56BFEAE22FE0DB80007E68EA;
			minimizedProjectReferenceProxies = 1;
			packageReferences = (
				560300502FF027AB00AE8975 /* XCRemoteSwiftPackageReference "supabase-swift" */,
				568A78823033E3F80004ACDA /* XCRemoteSwiftPackageReference "stream-chat-swift" */,
			);
			preferredProjectObjectVersion = 77;
			productRefGroup = 56BFEAEC2FE0DB80007E68EA /* Products */;
			projectDirPath = "";
			projectRoot = "";
			targets = (
				56BFEAEA2FE0DB80007E68EA /* CreatorInc */,
				560300662FF4C30900AE8975 /* CreatorIncTests */,
				56D38AD230446D0F00008614 /* CreatorIncIntegrationTests */,
			);
		};
/* End PBXProject section */

/* Begin PBXResourcesBuildPhase section */
		560300652FF4C30900AE8975 /* Resources */ = {
			isa = PBXResourcesBuildPhase;
			buildActionMask = 2147483647;
			files = (
			);
			runOnlyForDeploymentPostprocessing = 0;
		};
		56BFEAE92FE0DB80007E68EA /* Resources */ = {
			isa = PBXResourcesBuildPhase;
			buildActionMask = 2147483647;
			files = (
			);
			runOnlyForDeploymentPostprocessing = 0;
		};
		56D38AD130446D0F00008614 /* Resources */ = {
			isa = PBXResourcesBuildPhase;
			buildActionMask = 2147483647;
			files = (
			);
			runOnlyForDeploymentPostprocessing = 0;
		};
/* End PBXResourcesBuildPhase section */

/* Begin PBXSourcesBuildPhase section */
		560300632FF4C30900AE8975 /* Sources */ = {
			isa = PBXSourcesBuildPhase;
			buildActionMask = 2147483647;
			files = (
			);
			runOnlyForDeploymentPostprocessing = 0;
		};
		56BFEAE72FE0DB80007E68EA /* Sources */ = {
			isa = PBXSourcesBuildPhase;
			buildActionMask = 2147483647;
			files = (
			);
			runOnlyForDeploymentPostprocessing = 0;
		};
		56D38ACF30446D0F00008614 /* Sources */ = {
			isa = PBXSourcesBuildPhase;
			buildActionMask = 2147483647;
			files = (
			);
			runOnlyForDeploymentPostprocessing = 0;
		};
/* End PBXSourcesBuildPhase section */

/* Begin PBXTargetDependency section */
		5603006C2FF4C30900AE8975 /* PBXTargetDependency */ = {
			isa = PBXTargetDependency;
			target = 56BFEAEA2FE0DB80007E68EA /* CreatorInc */;
			targetProxy = 5603006B2FF4C30900AE8975 /* PBXContainerItemProxy */;
		};
		56D38AD830446D0F00008614 /* PBXTargetDependency */ = {
			isa = PBXTargetDependency;
			target = 56BFEAEA2FE0DB80007E68EA /* CreatorInc */;
			targetProxy = 56D38AD730446D0F00008614 /* PBXContainerItemProxy */;
		};
/* End PBXTargetDependency section */

/* Begin XCBuildConfiguration section */
		5603006E2FF4C30900AE8975 /* Debug */ = {
			isa = XCBuildConfiguration;
			buildSettings = {
				BUNDLE_LOADER = "$(TEST_HOST)";
				CODE_SIGN_STYLE = Automatic;
				CURRENT_PROJECT_VERSION = 1;
				DEVELOPMENT_TEAM = L4JYF9R6VL;
				GENERATE_INFOPLIST_FILE = YES;
				MARKETING_VERSION = 1.0;
				PRODUCT_BUNDLE_IDENTIFIER = com.abuahapps.CreatorIncTests;
				PRODUCT_NAME = "$(TARGET_NAME)";
				STRING_CATALOG_GENERATE_SYMBOLS = NO;
				SWIFT_APPROACHABLE_CONCURRENCY = YES;
				SWIFT_EMIT_LOC_STRINGS = NO;
				SWIFT_UPCOMING_FEATURE_MEMBER_IMPORT_VISIBILITY = YES;
				SWIFT_VERSION = 5.0;
				TARGETED_DEVICE_FAMILY = "1,2";
				TEST_HOST = "$(BUILT_PRODUCTS_DIR)/CreatorInc.app/$(BUNDLE_EXECUTABLE_FOLDER_PATH)/CreatorInc";
			};
			name = Debug;
		};
		5603006F2FF4C30900AE8975 /* Release */ = {
			isa = XCBuildConfiguration;
			buildSettings = {
				BUNDLE_LOADER = "$(TEST_HOST)";
				CODE_SIGN_STYLE = Automatic;
				CURRENT_PROJECT_VERSION = 1;
				DEVELOPMENT_TEAM = L4JYF9R6VL;
				GENERATE_INFOPLIST_FILE = YES;
				MARKETING_VERSION = 1.0;
				PRODUCT_BUNDLE_IDENTIFIER = com.abuahapps.CreatorIncTests;
				PRODUCT_NAME = "$(TARGET_NAME)";
				STRING_CATALOG_GENERATE_SYMBOLS = NO;
				SWIFT_APPROACHABLE_CONCURRENCY = YES;
				SWIFT_EMIT_LOC_STRINGS = NO;
				SWIFT_UPCOMING_FEATURE_MEMBER_IMPORT_VISIBILITY = YES;
				SWIFT_VERSION = 5.0;
				TARGETED_DEVICE_FAMILY = "1,2";
				TEST_HOST = "$(BUILT_PRODUCTS_DIR)/CreatorInc.app/$(BUNDLE_EXECUTABLE_FOLDER_PATH)/CreatorInc";
			};
			name = Release;
		};
		56BFEAF42FE0DB81007E68EA /* Debug */ = {
			isa = XCBuildConfiguration;
			buildSettings = {
				ALWAYS_SEARCH_USER_PATHS = NO;
				ASSETCATALOG_COMPILER_GENERATE_SWIFT_ASSET_SYMBOL_EXTENSIONS = YES;
				CLANG_ANALYZER_NONNULL = YES;
				CLANG_ANALYZER_NUMBER_OBJECT_CONVERSION = YES_AGGRESSIVE;
				CLANG_CXX_LANGUAGE_STANDARD = "gnu++20";
				CLANG_ENABLE_MODULES = YES;
				CLANG_ENABLE_OBJC_ARC = YES;
				CLANG_ENABLE_OBJC_WEAK = YES;
				CLANG_WARN_BLOCK_CAPTURE_AUTORELEASING = YES;
				CLANG_WARN_BOOL_CONVERSION = YES;
				CLANG_WARN_COMMA = YES;
				CLANG_WARN_CONSTANT_CONVERSION = YES;
				CLANG_WARN_DEPRECATED_OBJC_IMPLEMENTATIONS = YES;
				CLANG_WARN_DIRECT_OBJC_ISA_USAGE = YES_ERROR;
				CLANG_WARN_DOCUMENTATION_COMMENTS = YES;
				CLANG_WARN_EMPTY_BODY = YES;
				CLANG_WARN_ENUM_CONVERSION = YES;
				CLANG_WARN_INFINITE_RECURSION = YES;
				CLANG_WARN_INT_CONVERSION = YES;
				CLANG_WARN_NON_LITERAL_NULL_CONVERSION = YES;
				CLANG_WARN_OBJC_IMPLICIT_RETAIN_SELF = YES;
				CLANG_WARN_OBJC_LITERAL_CONVERSION = YES;
				CLANG_WARN_OBJC_ROOT_CLASS = YES_ERROR;
				CLANG_WARN_QUOTED_INCLUDE_IN_FRAMEWORK_HEADER = YES;
				CLANG_WARN_RANGE_LOOP_ANALYSIS = YES;
				CLANG_WARN_STRICT_PROTOTYPES = YES;
				CLANG_WARN_SUSPICIOUS_MOVE = YES;
				CLANG_WARN_UNGUARDED_AVAILABILITY = YES_AGGRESSIVE;
				CLANG_WARN_UNREACHABLE_CODE = YES;
				CLANG_WARN__DUPLICATE_METHOD_MATCH = YES;
				COPY_PHASE_STRIP = NO;
				DEBUG_INFORMATION_FORMAT = dwarf;
				DEVELOPMENT_TEAM = L4JYF9R6VL;
				ENABLE_STRICT_OBJC_MSGSEND = YES;
				ENABLE_TESTABILITY = YES;
				ENABLE_USER_SCRIPT_SANDBOXING = YES;
				GCC_C_LANGUAGE_STANDARD = gnu17;
				GCC_DYNAMIC_NO_PIC = NO;
				GCC_NO_COMMON_BLOCKS = YES;
				GCC_OPTIMIZATION_LEVEL = 0;
				GCC_PREPROCESSOR_DEFINITIONS = (
					"DEBUG=1",
					"$(inherited)",
				);
				GCC_WARN_64_TO_32_BIT_CONVERSION = YES;
				GCC_WARN_ABOUT_RETURN_TYPE = YES_ERROR;
				GCC_WARN_UNDECLARED_SELECTOR = YES;
				GCC_WARN_UNINITIALIZED_AUTOS = YES_AGGRESSIVE;
				GCC_WARN_UNUSED_FUNCTION = YES;
				GCC_WARN_UNUSED_VARIABLE = YES;
				IPHONEOS_DEPLOYMENT_TARGET = 26.2;
				LOCALIZATION_PREFERS_STRING_CATALOGS = YES;
				MTL_ENABLE_DEBUG_INFO = INCLUDE_SOURCE;
				MTL_FAST_MATH = YES;
				ONLY_ACTIVE_ARCH = YES;
				SDKROOT = iphoneos;
				STRING_CATALOG_GENERATE_SYMBOLS = YES;
				SWIFT_ACTIVE_COMPILATION_CONDITIONS = "DEBUG $(inherited)";
				SWIFT_OPTIMIZATION_LEVEL = "-Onone";
			};
			name = Debug;
		};
		56BFEAF52FE0DB81007E68EA /* Release */ = {
			isa = XCBuildConfiguration;
			buildSettings = {
				ALWAYS_SEARCH_USER_PATHS = NO;
				ASSETCATALOG_COMPILER_GENERATE_SWIFT_ASSET_SYMBOL_EXTENSIONS = YES;
				CLANG_ANALYZER_NONNULL = YES;
				CLANG_ANALYZER_NUMBER_OBJECT_CONVERSION = YES_AGGRESSIVE;
				CLANG_CXX_LANGUAGE_STANDARD = "gnu++20";
				CLANG_ENABLE_MODULES = YES;
				CLANG_ENABLE_OBJC_ARC = YES;
				CLANG_ENABLE_OBJC_WEAK = YES;
				CLANG_WARN_BLOCK_CAPTURE_AUTORELEASING = YES;
				CLANG_WARN_BOOL_CONVERSION = YES;
				CLANG_WARN_COMMA = YES;
				CLANG_WARN_CONSTANT_CONVERSION = YES;
				CLANG_WARN_DEPRECATED_OBJC_IMPLEMENTATIONS = YES;
				CLANG_WARN_DIRECT_OBJC_ISA_USAGE = YES_ERROR;
				CLANG_WARN_DOCUMENTATION_COMMENTS = YES;
				CLANG_WARN_EMPTY_BODY = YES;
				CLANG_WARN_ENUM_CONVERSION = YES;
				CLANG_WARN_INFINITE_RECURSION = YES;
				CLANG_WARN_INT_CONVERSION = YES;
				CLANG_WARN_NON_LITERAL_NULL_CONVERSION = YES;
				CLANG_WARN_OBJC_IMPLICIT_RETAIN_SELF = YES;
				CLANG_WARN_OBJC_LITERAL_CONVERSION = YES;
				CLANG_WARN_OBJC_ROOT_CLASS = YES_ERROR;
				CLANG_WARN_QUOTED_INCLUDE_IN_FRAMEWORK_HEADER = YES;
				CLANG_WARN_RANGE_LOOP_ANALYSIS = YES;
				CLANG_WARN_STRICT_PROTOTYPES = YES;
				CLANG_WARN_SUSPICIOUS_MOVE = YES;
				CLANG_WARN_UNGUARDED_AVAILABILITY = YES_AGGRESSIVE;
				CLANG_WARN_UNREACHABLE_CODE = YES;
				CLANG_WARN__DUPLICATE_METHOD_MATCH = YES;
				COPY_PHASE_STRIP = NO;
				DEBUG_INFORMATION_FORMAT = "dwarf-with-dsym";
				DEVELOPMENT_TEAM = L4JYF9R6VL;
				ENABLE_NS_ASSERTIONS = NO;
				ENABLE_STRICT_OBJC_MSGSEND = YES;
				ENABLE_USER_SCRIPT_SANDBOXING = YES;
				GCC_C_LANGUAGE_STANDARD = gnu17;
				GCC_NO_COMMON_BLOCKS = YES;
				GCC_WARN_64_TO_32_BIT_CONVERSION = YES;
				GCC_WARN_ABOUT_RETURN_TYPE = YES_ERROR;
				GCC_WARN_UNDECLARED_SELECTOR = YES;
				GCC_WARN_UNINITIALIZED_AUTOS = YES_AGGRESSIVE;
				GCC_WARN_UNUSED_FUNCTION = YES;
				GCC_WARN_UNUSED_VARIABLE = YES;
				IPHONEOS_DEPLOYMENT_TARGET = 26.2;
				LOCALIZATION_PREFERS_STRING_CATALOGS = YES;
				MTL_ENABLE_DEBUG_INFO = NO;
				MTL_FAST_MATH = YES;
				SDKROOT = iphoneos;
				STRING_CATALOG_GENERATE_SYMBOLS = YES;
				SWIFT_COMPILATION_MODE = wholemodule;
				VALIDATE_PRODUCT = YES;
			};
			name = Release;
		};
		56BFEAF72FE0DB81007E68EA /* Debug */ = {
			isa = XCBuildConfiguration;
			buildSettings = {
				ASSETCATALOG_COMPILER_APPICON_NAME = AppIcon;
				ASSETCATALOG_COMPILER_GLOBAL_ACCENT_COLOR_NAME = AccentColor;
				CODE_SIGN_STYLE = Automatic;
				CURRENT_PROJECT_VERSION = 1;
				DEVELOPMENT_TEAM = L4JYF9R6VL;
				ENABLE_PREVIEWS = YES;
				GENERATE_INFOPLIST_FILE = YES;
				INFOPLIST_FILE = CreatorInc/Info.plist;
				INFOPLIST_KEY_UIApplicationSceneManifest_Generation = YES;
				INFOPLIST_KEY_UIApplicationSupportsIndirectInputEvents = YES;
				INFOPLIST_KEY_UILaunchScreen_Generation = YES;
				INFOPLIST_KEY_UISupportedInterfaceOrientations_iPad = "UIInterfaceOrientationPortrait UIInterfaceOrientationPortraitUpsideDown UIInterfaceOrientationLandscapeLeft UIInterfaceOrientationLandscapeRight";
				INFOPLIST_KEY_UISupportedInterfaceOrientations_iPhone = "UIInterfaceOrientationPortrait UIInterfaceOrientationLandscapeLeft UIInterfaceOrientationLandscapeRight";
				LD_RUNPATH_SEARCH_PATHS = (
					"$(inherited)",
					"@executable_path/Frameworks",
				);
				MARKETING_VERSION = 1.0;
				PRODUCT_BUNDLE_IDENTIFIER = com.abuahapps.CreatorInc;
				PRODUCT_NAME = "$(TARGET_NAME)";
				STRING_CATALOG_GENERATE_SYMBOLS = YES;
				SWIFT_APPROACHABLE_CONCURRENCY = YES;
				SWIFT_DEFAULT_ACTOR_ISOLATION = MainActor;
				SWIFT_EMIT_LOC_STRINGS = YES;
				SWIFT_UPCOMING_FEATURE_MEMBER_IMPORT_VISIBILITY = YES;
				SWIFT_VERSION = 5.0;
				TARGETED_DEVICE_FAMILY = "1,2";
			};
			name = Debug;
		};
		56BFEAF82FE0DB81007E68EA /* Release */ = {
			isa = XCBuildConfiguration;
			buildSettings = {
				ASSETCATALOG_COMPILER_APPICON_NAME = AppIcon;
				ASSETCATALOG_COMPILER_GLOBAL_ACCENT_COLOR_NAME = AccentColor;
				CODE_SIGN_STYLE = Automatic;
				CURRENT_PROJECT_VERSION = 1;
				DEVELOPMENT_TEAM = L4JYF9R6VL;
				ENABLE_PREVIEWS = YES;
				GENERATE_INFOPLIST_FILE = YES;
				INFOPLIST_FILE = CreatorInc/Info.plist;
				INFOPLIST_KEY_UIApplicationSceneManifest_Generation = YES;
				INFOPLIST_KEY_UIApplicationSupportsIndirectInputEvents = YES;
				INFOPLIST_KEY_UILaunchScreen_Generation = YES;
				INFOPLIST_KEY_UISupportedInterfaceOrientations_iPad = "UIInterfaceOrientationPortrait UIInterfaceOrientationPortraitUpsideDown UIInterfaceOrientationLandscapeLeft UIInterfaceOrientationLandscapeRight";
				INFOPLIST_KEY_UISupportedInterfaceOrientations_iPhone = "UIInterfaceOrientationPortrait UIInterfaceOrientationLandscapeLeft UIInterfaceOrientationLandscapeRight";
				LD_RUNPATH_SEARCH_PATHS = (
					"$(inherited)",
					"@executable_path/Frameworks",
				);
				MARKETING_VERSION = 1.0;
				PRODUCT_BUNDLE_IDENTIFIER = com.abuahapps.CreatorInc;
				PRODUCT_NAME = "$(TARGET_NAME)";
				STRING_CATALOG_GENERATE_SYMBOLS = YES;
				SWIFT_APPROACHABLE_CONCURRENCY = YES;
				SWIFT_DEFAULT_ACTOR_ISOLATION = MainActor;
				SWIFT_EMIT_LOC_STRINGS = YES;
				SWIFT_UPCOMING_FEATURE_MEMBER_IMPORT_VISIBILITY = YES;
				SWIFT_VERSION = 5.0;
				TARGETED_DEVICE_FAMILY = "1,2";
			};
			name = Release;
		};
		56D38AD930446D0F00008614 /* Debug */ = {
			isa = XCBuildConfiguration;
			buildSettings = {
				BUNDLE_LOADER = "$(TEST_HOST)";
				CODE_SIGN_STYLE = Automatic;
				CURRENT_PROJECT_VERSION = 1;
				DEVELOPMENT_TEAM = L4JYF9R6VL;
				GENERATE_INFOPLIST_FILE = NO;
				INFOPLIST_FILE = CreatorIncIntegrationTests/Info.plist;
				MARKETING_VERSION = 1.0;
				PRODUCT_BUNDLE_IDENTIFIER = com.abuahapps.CreatorIncIntegrationTests;
				PRODUCT_NAME = "$(TARGET_NAME)";
				STRING_CATALOG_GENERATE_SYMBOLS = NO;
				SWIFT_APPROACHABLE_CONCURRENCY = YES;
				SWIFT_EMIT_LOC_STRINGS = NO;
				SWIFT_UPCOMING_FEATURE_MEMBER_IMPORT_VISIBILITY = YES;
				SWIFT_VERSION = 5.0;
				TARGETED_DEVICE_FAMILY = "1,2";
				TEST_HOST = "$(BUILT_PRODUCTS_DIR)/CreatorInc.app/$(BUNDLE_EXECUTABLE_FOLDER_PATH)/CreatorInc";
			};
			name = Debug;
		};
		56D38ADA30446D0F00008614 /* Release */ = {
			isa = XCBuildConfiguration;
			buildSettings = {
				BUNDLE_LOADER = "$(TEST_HOST)";
				CODE_SIGN_STYLE = Automatic;
				CURRENT_PROJECT_VERSION = 1;
				DEVELOPMENT_TEAM = L4JYF9R6VL;
				GENERATE_INFOPLIST_FILE = NO;
				INFOPLIST_FILE = CreatorIncIntegrationTests/Info.plist;
				MARKETING_VERSION = 1.0;
				PRODUCT_BUNDLE_IDENTIFIER = com.abuahapps.CreatorIncIntegrationTests;
				PRODUCT_NAME = "$(TARGET_NAME)";
				STRING_CATALOG_GENERATE_SYMBOLS = NO;
				SWIFT_APPROACHABLE_CONCURRENCY = YES;
				SWIFT_EMIT_LOC_STRINGS = NO;
				SWIFT_UPCOMING_FEATURE_MEMBER_IMPORT_VISIBILITY = YES;
				SWIFT_VERSION = 5.0;
				TARGETED_DEVICE_FAMILY = "1,2";
				TEST_HOST = "$(BUILT_PRODUCTS_DIR)/CreatorInc.app/$(BUNDLE_EXECUTABLE_FOLDER_PATH)/CreatorInc";
			};
			name = Release;
		};
/* End XCBuildConfiguration section */

/* Begin XCConfigurationList section */
		5603006D2FF4C30900AE8975 /* Build configuration list for PBXNativeTarget "CreatorIncTests" */ = {
			isa = XCConfigurationList;
			buildConfigurations = (
				5603006E2FF4C30900AE8975 /* Debug */,
				5603006F2FF4C30900AE8975 /* Release */,
			);
			defaultConfigurationIsVisible = 0;
			defaultConfigurationName = Release;
		};
		56BFEAE62FE0DB80007E68EA /* Build configuration list for PBXProject "CreatorInc" */ = {
			isa = XCConfigurationList;
			buildConfigurations = (
				56BFEAF42FE0DB81007E68EA /* Debug */,
				56BFEAF52FE0DB81007E68EA /* Release */,
			);
			defaultConfigurationIsVisible = 0;
			defaultConfigurationName = Release;
		};
		56BFEAF62FE0DB81007E68EA /* Build configuration list for PBXNativeTarget "CreatorInc" */ = {
			isa = XCConfigurationList;
			buildConfigurations = (
				56BFEAF72FE0DB81007E68EA /* Debug */,
				56BFEAF82FE0DB81007E68EA /* Release */,
			);
			defaultConfigurationIsVisible = 0;
			defaultConfigurationName = Release;
		};
		56D38ADB30446D0F00008614 /* Build configuration list for PBXNativeTarget "CreatorIncIntegrationTests" */ = {
			isa = XCConfigurationList;
			buildConfigurations = (
				56D38AD930446D0F00008614 /* Debug */,
				56D38ADA30446D0F00008614 /* Release */,
			);
			defaultConfigurationIsVisible = 0;
			defaultConfigurationName = Release;
		};
/* End XCConfigurationList section */

/* Begin XCRemoteSwiftPackageReference section */
		560300502FF027AB00AE8975 /* XCRemoteSwiftPackageReference "supabase-swift" */ = {
			isa = XCRemoteSwiftPackageReference;
			repositoryURL = "https://github.com/supabase/supabase-swift.git";
			requirement = {
				kind = upToNextMinorVersion;
				minimumVersion = 2.5.1;
			};
		};
		568A78823033E3F80004ACDA /* XCRemoteSwiftPackageReference "stream-chat-swift" */ = {
			isa = XCRemoteSwiftPackageReference;
			repositoryURL = "https://github.com/GetStream/stream-chat-swift";
			requirement = {
				kind = upToNextMajorVersion;
				minimumVersion = 5.9.0;
			};
		};
/* End XCRemoteSwiftPackageReference section */

/* Begin XCSwiftPackageProductDependency section */
		560300612FF4BC8400AE8975 /* Supabase */ = {
			isa = XCSwiftPackageProductDependency;
			package = 560300502FF027AB00AE8975 /* XCRemoteSwiftPackageReference "supabase-swift" */;
			productName = Supabase;
		};
		568A788F303435E10004ACDA /* StreamChat */ = {
			isa = XCSwiftPackageProductDependency;
			package = 568A78823033E3F80004ACDA /* XCRemoteSwiftPackageReference "stream-chat-swift" */;
			productName = StreamChat;
		};
/* End XCSwiftPackageProductDependency section */
	};
	rootObject = 56BFEAE32FE0DB80007E68EA /* Project object */;
}
